
Microsoft Visual Studio Solution File, Format Version 12.00
# Visual Studio Version 16
VisualStudioVersion = 16.0.29911.84
MinimumVisualStudioVersion = 10.0.40219.1
Project("{888888A0-9F3D-457C-B088-3A5042F75D52}") = "BasicProject", "BasicProject\BasicProject.pyproj", "{F7FCB464-6617-48EC-9068-4BD47D2F7CFD}"
EndProject
Project("{888888A0-9F3D-457C-B088-3A5042F75D52}") = "FlaskWeb", "FlaskWeb\FlaskWeb.pyproj", "{30E6AF5C-6AA6-4878-A858-DB866F389311}"
EndProject
Project("{888888A0-9F3D-457C-B088-3A5042F75D52}") = "FlaskPolls", "FlaskPolls\FlaskPolls.pyproj", "{D243EEB0-C466-4335-920E-870E2A014140}"
EndProject
Global
	GlobalSection(SolutionConfigurationPlatforms) = preSolution
		Debug|Any CPU = Debug|Any CPU
		Release|Any CPU = Release|Any CPU
	EndGlobalSection
	GlobalSection(ProjectConfigurationPlatforms) = postSolution
		{F7FCB464-6617-48EC-9068-4BD47D2F7CFD}.Debug|Any CPU.ActiveCfg = Debug|Any CPU
		{F7FCB464-6617-48EC-9068-4BD47D2F7CFD}.Debug|Any CPU.Build.0 = Debug|Any CPU
		{F7FCB464-6617-48EC-9068-4BD47D2F7CFD}.Release|Any CPU.ActiveCfg = Release|Any CPU
		{F7FCB464-6617-48EC-9068-4BD47D2F7CFD}.Release|Any CPU.Build.0 = Release|Any CPU
		{30E6AF5C-6AA6-4878-A858-DB866F389311}.Debug|Any CPU.ActiveCfg = Debug|Any CPU
		{30E6AF5C-6AA6-4878-A858-DB866F389311}.Debug|Any CPU.Build.0 = Debug|Any CPU
		{30E6AF5C-6AA6-4878-A858-DB866F389311}.Release|Any CPU.ActiveCfg = Release|Any CPU
		{30E6AF5C-6AA6-4878-A858-DB866F389311}.Release|Any CPU.Build.0 = Release|Any CPU
		{D243EEB0-C466-4335-920E-870E2A014140}.Debug|Any CPU.ActiveCfg = Debug|Any CPU
		{D243EEB0-C466-4335-920E-870E2A014140}.Debug|Any CPU.Build.0 = Debug|Any CPU
		{D243EEB0-C466-4335-920E-870E2A014140}.Release|Any CPU.ActiveCfg = Release|Any CPU
		{D243EEB0-C466-4335-920E-870E2A014140}.Release|Any CPU.Build.0 = Release|Any CPU
	EndGlobalSection
	GlobalSection(SolutionProperties) = preSolution
		HideSolutionNode = FALSE
	EndGlobalSection
	GlobalSection(ExtensibilityGlobals) = postSolution
		SolutionGuid = {154ED6C3-E5F9-4DBB-BA18-778F21B10554}
	EndGlobalSection
EndGlobal
